
Microsoft Visual Studio Solution File, Format Version 12.00
# Visual Studio Version 17
VisualStudioVersion = 17.2.32516.85
MinimumVisualStudioVersion = 10.0.40219.1
Project("{FAE04EC0-301F-11D3-BF4B-00C04F79EFBC}") = "FisioWebAPI", "FisioWebAPI\FisioWebAPI.csproj", "{77FDE203-EE9F-41D5-8F30-301EDFBA6848}"
EndProject
Global
	GlobalSection(SolutionConfigurationPlatforms) = preSolution
		Debug|Any CPU = Debug|Any CPU
		Release|Any CPU = Release|Any CPU
	EndGlobalSection
	GlobalSection(ProjectConfigurationPlatforms) = postSolution
		{77FDE203-EE9F-41D5-8F30-301EDFBA6848}.Debug|Any CPU.ActiveCfg = Debug|Any CPU
		{77FDE203-EE9F-41D5-8F30-301EDFBA6848}.Debug|Any CPU.Build.0 = Debug|Any CPU
		{77FDE203-EE9F-41D5-8F30-301EDFBA6848}.Release|Any CPU.ActiveCfg = Release|Any CPU
		{77FDE203-EE9F-41D5-8F30-301EDFBA6848}.Release|Any CPU.Build.0 = Release|Any CPU
	EndGlobalSection
	GlobalSection(SolutionProperties) = preSolution
		HideSolutionNode = FALSE
	EndGlobalSection
	GlobalSection(ExtensibilityGlobals) = postSolution
		SolutionGuid = {0CAF6F08-794A-4701-94BB-8B171F85587A}
	EndGlobalSection
EndGlobal
